
Microsoft Visual Studio Solution File, Format Version 12.00
# Visual Studio Version 17
VisualStudioVersion = 17.9.34728.123
MinimumVisualStudioVersion = 10.0.40219.1
Project("{FAE04EC0-301F-11D3-BF4B-00C04F79EFBC}") = "FirstAppWithMenu.Android", "FirstAppWithMenu\FirstAppWithMenu.Android\FirstAppWithMenu.Android.csproj", "{5DA699F2-0246-4344-9A33-EEABBAAD3589}"
EndProject
Project("{9A19103F-16F7-4668-BE54-9A1E7A4F7556}") = "FirstAppWithMenu", "FirstAppWithMenu\FirstAppWithMenu\FirstAppWithMenu.csproj", "{14E5F56C-181E-4684-8F8F-FEB42CB91146}"
EndProject
Global
	GlobalSection(SolutionConfigurationPlatforms) = preSolution
		Debug|Any CPU = Debug|Any CPU
		Debug|iPhone = Debug|iPhone
		Debug|iPhoneSimulator = Debug|iPhoneSimulator
		Release|Any CPU = Release|Any CPU
		Release|iPhone = Release|iPhone
		Release|iPhoneSimulator = Release|iPhoneSimulator
	EndGlobalSection
	GlobalSection(ProjectConfigurationPlatforms) = postSolution
		{5DA699F2-0246-4344-9A33-EEABBAAD3589}.Debug|Any CPU.ActiveCfg = Debug|Any CPU
		{5DA699F2-0246-4344-9A33-EEABBAAD3589}.Debug|Any CPU.Build.0 = Debug|Any CPU
		{5DA699F2-0246-4344-9A33-EEABBAAD3589}.Debug|Any CPU.Deploy.0 = Debug|Any CPU
		{5DA699F2-0246-4344-9A33-EEABBAAD3589}.Debug|iPhone.ActiveCfg = Debug|Any CPU
		{5DA699F2-0246-4344-9A33-EEABBAAD3589}.Debug|iPhone.Build.0 = Debug|Any CPU
		{5DA699F2-0246-4344-9A33-EEABBAAD3589}.Debug|iPhone.Deploy.0 = Debug|Any CPU
		{5DA699F2-0246-4344-9A33-EEABBAAD3589}.Debug|iPhoneSimulator.ActiveCfg = Debug|Any CPU
		{5DA699F2-0246-4344-9A33-EEABBAAD3589}.Debug|iPhoneSimulator.Build.0 = Debug|Any CPU
		{5DA699F2-0246-4344-9A33-EEABBAAD3589}.Debug|iPhoneSimulator.Deploy.0 = Debug|Any CPU
		{5DA699F2-0246-4344-9A33-EEABBAAD3589}.Release|Any CPU.ActiveCfg = Release|Any CPU
		{5DA699F2-0246-4344-9A33-EEABBAAD3589}.Release|Any CPU.Build.0 = Release|Any CPU
		{5DA699F2-0246-4344-9A33-EEABBAAD3589}.Release|Any CPU.Deploy.0 = Release|Any CPU
		{5DA699F2-0246-4344-9A33-EEABBAAD3589}.Release|iPhone.ActiveCfg = Release|Any CPU
		{5DA699F2-0246-4344-9A33-EEABBAAD3589}.Release|iPhone.Build.0 = Release|Any CPU
		{5DA699F2-0246-4344-9A33-EEABBAAD3589}.Release|iPhone.Deploy.0 = Release|Any CPU
		{5DA699F2-0246-4344-9A33-EEABBAAD3589}.Release|iPhoneSimulator.ActiveCfg = Release|Any CPU
		{5DA699F2-0246-4344-9A33-EEABBAAD3589}.Release|iPhoneSimulator.Build.0 = Release|Any CPU
		{5DA699F2-0246-4344-9A33-EEABBAAD3589}.Release|iPhoneSimulator.Deploy.0 = Release|Any CPU
		{14E5F56C-181E-4684-8F8F-FEB42CB91146}.Debug|Any CPU.ActiveCfg = Debug|Any CPU
		{14E5F56C-181E-4684-8F8F-FEB42CB91146}.Debug|Any CPU.Build.0 = Debug|Any CPU
		{14E5F56C-181E-4684-8F8F-FEB42CB91146}.Debug|Any CPU.Deploy.0 = Debug|Any CPU
		{14E5F56C-181E-4684-8F8F-FEB42CB91146}.Debug|iPhone.ActiveCfg = Debug|Any CPU
		{14E5F56C-181E-4684-8F8F-FEB42CB91146}.Debug|iPhone.Build.0 = Debug|Any CPU
		{14E5F56C-181E-4684-8F8F-FEB42CB91146}.Debug|iPhone.Deploy.0 = Debug|Any CPU
		{14E5F56C-181E-4684-8F8F-FEB42CB91146}.Debug|iPhoneSimulator.ActiveCfg = Debug|Any CPU
		{14E5F56C-181E-4684-8F8F-FEB42CB91146}.Debug|iPhoneSimulator.Build.0 = Debug|Any CPU
		{14E5F56C-181E-4684-8F8F-FEB42CB91146}.Debug|iPhoneSimulator.Deploy.0 = Debug|Any CPU
		{14E5F56C-181E-4684-8F8F-FEB42CB91146}.Release|Any CPU.ActiveCfg = Release|Any CPU
		{14E5F56C-181E-4684-8F8F-FEB42CB91146}.Release|Any CPU.Build.0 = Release|Any CPU
		{14E5F56C-181E-4684-8F8F-FEB42CB91146}.Release|Any CPU.Deploy.0 = Release|Any CPU
		{14E5F56C-181E-4684-8F8F-FEB42CB91146}.Release|iPhone.ActiveCfg = Release|Any CPU
		{14E5F56C-181E-4684-8F8F-FEB42CB91146}.Release|iPhone.Build.0 = Release|Any CPU
		{14E5F56C-181E-4684-8F8F-FEB42CB91146}.Release|iPhone.Deploy.0 = Release|Any CPU
		{14E5F56C-181E-4684-8F8F-FEB42CB91146}.Release|iPhoneSimulator.ActiveCfg = Release|Any CPU
		{14E5F56C-181E-4684-8F8F-FEB42CB91146}.Release|iPhoneSimulator.Build.0 = Release|Any CPU
		{14E5F56C-181E-4684-8F8F-FEB42CB91146}.Release|iPhoneSimulator.Deploy.0 = Release|Any CPU
	EndGlobalSection
	GlobalSection(SolutionProperties) = preSolution
		HideSolutionNode = FALSE
	EndGlobalSection
	GlobalSection(ExtensibilityGlobals) = postSolution
		SolutionGuid = {2A073974-7A61-4A0B-985F-5DD01F0A5B33}
	EndGlobalSection
EndGlobal
